PODS:
  - Flutter (1.0.0)
  - flutter_filereader (0.0.1):
    - Flutter

DEPENDENCIES:
  - Flutter (from `Flutter`)
  - flutter_filereader (from `.symlinks/plugins/flutter_filereader/ios`)

EXTERNAL SOURCES:
  Flutter:
    :path: Flutter
  flutter_filereader:
    :path: ".symlinks/plugins/flutter_filereader/ios"

SPEC CHECKSUMS:
  Flutter: 0e3d915762c693b495b44d77113d4970485de6ec
  flutter_filereader: 0caefb23b8c96deca7c3679d3e61bfd8111a7d11

PODFILE CHECKSUM: aafe91acc616949ddb318b77800a7f51bffa2a4c

COCOAPODS: 1.10.0
